
Microsoft Visual Studio Solution File, Format Version 12.00
# Visual Studio Version 16
VisualStudioVersion = 16.0.32228.343
MinimumVisualStudioVersion = 10.0.40219.1
Project("{8BC9CEB8-8B4A-11D0-8D11-00A0C91BC942}") = "Csgo Tut", "Csgo Tut\Csgo Tut.vcxproj", "{FC635645-A9A4-4A8D-A9CB-3F3C97410AC0}"
EndProject
Global
	GlobalSection(SolutionConfigurationPlatforms) = preSolution
		Debug|x64 = Debug|x64
		Debug|x86 = Debug|x86
		Release|x64 = Release|x64
		Release|x86 = Release|x86
	EndGlobalSection
	GlobalSection(ProjectConfigurationPlatforms) = postSolution
		{FC635645-A9A4-4A8D-A9CB-3F3C97410AC0}.Debug|x64.ActiveCfg = Debug|x64
		{FC635645-A9A4-4A8D-A9CB-3F3C97410AC0}.Debug|x64.Build.0 = Debug|x64
		{FC635645-A9A4-4A8D-A9CB-3F3C97410AC0}.Debug|x86.ActiveCfg = Debug|Win32
		{FC635645-A9A4-4A8D-A9CB-3F3C97410AC0}.Debug|x86.Build.0 = Debug|Win32
		{FC635645-A9A4-4A8D-A9CB-3F3C97410AC0}.Release|x64.ActiveCfg = Release|x64
		{FC635645-A9A4-4A8D-A9CB-3F3C97410AC0}.Release|x64.Build.0 = Release|x64
		{FC635645-A9A4-4A8D-A9CB-3F3C97410AC0}.Release|x86.ActiveCfg = Release|Win32
		{FC635645-A9A4-4A8D-A9CB-3F3C97410AC0}.Release|x86.Build.0 = Release|Win32
	EndGlobalSection
	GlobalSection(SolutionProperties) = preSolution
		HideSolutionNode = FALSE
	EndGlobalSection
	GlobalSection(ExtensibilityGlobals) = postSolution
		SolutionGuid = {5C62BF18-3E47-4922-B97E-6E8BEFAAE014}
	EndGlobalSection
EndGlobal
